
Microsoft Visual Studio Solution File, Format Version 12.00
# Visual Studio Version 17
VisualStudioVersion = 17.9.34701.34
MinimumVisualStudioVersion = 10.0.40219.1
Project("{FAE04EC0-301F-11D3-BF4B-00C04F79EFBC}") = "SeleniumC#", "SeleniumC#.csproj", "{DFC93923-4C80-4C85-A171-7285F100258A}"
EndProject
Global
	GlobalSection(SolutionConfigurationPlatforms) = preSolution
		Debug|Any CPU = Debug|Any CPU
		Release|Any CPU = Release|Any CPU
	EndGlobalSection
	GlobalSection(ProjectConfigurationPlatforms) = postSolution
		{DFC93923-4C80-4C85-A171-7285F100258A}.Debug|Any CPU.ActiveCfg = Debug|Any CPU
		{DFC93923-4C80-4C85-A171-7285F100258A}.Debug|Any CPU.Build.0 = Debug|Any CPU
		{DFC93923-4C80-4C85-A171-7285F100258A}.Release|Any CPU.ActiveCfg = Release|Any CPU
		{DFC93923-4C80-4C85-A171-7285F100258A}.Release|Any CPU.Build.0 = Release|Any CPU
	EndGlobalSection
	GlobalSection(SolutionProperties) = preSolution
		HideSolutionNode = FALSE
	EndGlobalSection
	GlobalSection(ExtensibilityGlobals) = postSolution
		SolutionGuid = {420BD26A-160F-454C-913B-3147C41CA36B}
	EndGlobalSection
EndGlobal
